
Microsoft Visual Studio Solution File, Format Version 12.00
# Visual Studio Version 17
VisualStudioVersion = 17.0.32112.339
MinimumVisualStudioVersion = 10.0.40219.1
Project("{FAE04EC0-301F-11D3-BF4B-00C04F79EFBC}") = "Telephone_Contact_Application_Eron", "Telephone_Contact_Application_Eron\Telephone_Contact_Application_Eron.csproj", "{ECC557A8-5386-4C79-8F32-0F56B513520B}"
EndProject
Global
	GlobalSection(SolutionConfigurationPlatforms) = preSolution
		Debug|Any CPU = Debug|Any CPU
		Release|Any CPU = Release|Any CPU
	EndGlobalSection
	GlobalSection(ProjectConfigurationPlatforms) = postSolution
		{ECC557A8-5386-4C79-8F32-0F56B513520B}.Debug|Any CPU.ActiveCfg = Debug|Any CPU
		{ECC557A8-5386-4C79-8F32-0F56B513520B}.Debug|Any CPU.Build.0 = Debug|Any CPU
		{ECC557A8-5386-4C79-8F32-0F56B513520B}.Release|Any CPU.ActiveCfg = Release|Any CPU
		{ECC557A8-5386-4C79-8F32-0F56B513520B}.Release|Any CPU.Build.0 = Release|Any CPU
	EndGlobalSection
	GlobalSection(SolutionProperties) = preSolution
		HideSolutionNode = FALSE
	EndGlobalSection
	GlobalSection(ExtensibilityGlobals) = postSolution
		SolutionGuid = {2C5A265C-DFF7-4F3B-955A-6887272A51DB}
	EndGlobalSection
EndGlobal
